
Microsoft Visual Studio Solution File, Format Version 12.00
# Visual Studio Version 17
VisualStudioVersion = 17.9.34616.47
MinimumVisualStudioVersion = 10.0.40219.1
Project("{8BC9CEB8-8B4A-11D0-8D11-00A0C91BC942}") = "HelloWorld", "HelloWorld\HelloWorld.vcxproj", "{559BBBED-1CED-4C52-B394-5BE7431361F8}"
EndProject
Global
	GlobalSection(SolutionConfigurationPlatforms) = preSolution
		Debug|x64 = Debug|x64
		Debug|x86 = Debug|x86
		Release|x64 = Release|x64
		Release|x86 = Release|x86
	EndGlobalSection
	GlobalSection(ProjectConfigurationPlatforms) = postSolution
		{559BBBED-1CED-4C52-B394-5BE7431361F8}.Debug|x64.ActiveCfg = Debug|x64
		{559BBBED-1CED-4C52-B394-5BE7431361F8}.Debug|x64.Build.0 = Debug|x64
		{559BBBED-1CED-4C52-B394-5BE7431361F8}.Debug|x86.ActiveCfg = Debug|Win32
		{559BBBED-1CED-4C52-B394-5BE7431361F8}.Debug|x86.Build.0 = Debug|Win32
		{559BBBED-1CED-4C52-B394-5BE7431361F8}.Release|x64.ActiveCfg = Release|x64
		{559BBBED-1CED-4C52-B394-5BE7431361F8}.Release|x64.Build.0 = Release|x64
		{559BBBED-1CED-4C52-B394-5BE7431361F8}.Release|x86.ActiveCfg = Release|Win32
		{559BBBED-1CED-4C52-B394-5BE7431361F8}.Release|x86.Build.0 = Release|Win32
	EndGlobalSection
	GlobalSection(SolutionProperties) = preSolution
		HideSolutionNode = FALSE
	EndGlobalSection
	GlobalSection(ExtensibilityGlobals) = postSolution
		SolutionGuid = {A578091A-FF7E-4A53-8CF6-D0A9178831A0}
	EndGlobalSection
EndGlobal
